
Microsoft Visual Studio Solution File, Format Version 12.00
# Visual Studio Version 16
VisualStudioVersion = 16.0.29728.190
MinimumVisualStudioVersion = 10.0.40219.1
Project("{9A19103F-16F7-4668-BE54-9A1E7A4F7556}") = "Jegor_Petsorin", "Jegor_Petsorin\Jegor_Petsorin.csproj", "{136A92AD-3784-4246-A96E-5FCE5A3A3477}"
EndProject
Project("{9A19103F-16F7-4668-BE54-9A1E7A4F7556}") = "University_application", "University_application\University_application.csproj", "{9C505E85-188C-426B-8257-4502AB43B462}"
EndProject
Project("{9A19103F-16F7-4668-BE54-9A1E7A4F7556}") = "JegorPetsorinMVC", "JegorPetsorinMVC\JegorPetsorinMVC.csproj", "{4492BBE8-6E3D-4DA8-B596-1F78DBBF744F}"
EndProject
Project("{2150E333-8FDC-42A3-9474-1A3956D46DE8}") = "Time", "Time", "{1D8CB497-A2F4-47C7-86C7-96CBC0171BEC}"
	ProjectSection(SolutionItems) = preProject
		..\..\..\Desktop\Time recording log.xlsx = ..\..\..\Desktop\Time recording log.xlsx
	EndProjectSection
EndProject
Global
	GlobalSection(SolutionConfigurationPlatforms) = preSolution
		Debug|Any CPU = Debug|Any CPU
		Release|Any CPU = Release|Any CPU
	EndGlobalSection
	GlobalSection(ProjectConfigurationPlatforms) = postSolution
		{136A92AD-3784-4246-A96E-5FCE5A3A3477}.Debug|Any CPU.ActiveCfg = Debug|Any CPU
		{136A92AD-3784-4246-A96E-5FCE5A3A3477}.Debug|Any CPU.Build.0 = Debug|Any CPU
		{136A92AD-3784-4246-A96E-5FCE5A3A3477}.Release|Any CPU.ActiveCfg = Release|Any CPU
		{136A92AD-3784-4246-A96E-5FCE5A3A3477}.Release|Any CPU.Build.0 = Release|Any CPU
		{9C505E85-188C-426B-8257-4502AB43B462}.Debug|Any CPU.ActiveCfg = Debug|Any CPU
		{9C505E85-188C-426B-8257-4502AB43B462}.Debug|Any CPU.Build.0 = Debug|Any CPU
		{9C505E85-188C-426B-8257-4502AB43B462}.Release|Any CPU.ActiveCfg = Release|Any CPU
		{9C505E85-188C-426B-8257-4502AB43B462}.Release|Any CPU.Build.0 = Release|Any CPU
		{4492BBE8-6E3D-4DA8-B596-1F78DBBF744F}.Debug|Any CPU.ActiveCfg = Debug|Any CPU
		{4492BBE8-6E3D-4DA8-B596-1F78DBBF744F}.Debug|Any CPU.Build.0 = Debug|Any CPU
		{4492BBE8-6E3D-4DA8-B596-1F78DBBF744F}.Release|Any CPU.ActiveCfg = Release|Any CPU
		{4492BBE8-6E3D-4DA8-B596-1F78DBBF744F}.Release|Any CPU.Build.0 = Release|Any CPU
	EndGlobalSection
	GlobalSection(SolutionProperties) = preSolution
		HideSolutionNode = FALSE
	EndGlobalSection
	GlobalSection(ExtensibilityGlobals) = postSolution
		SolutionGuid = {97C9B608-1005-49F1-8876-E9E6B3AC9ED3}
	EndGlobalSection
EndGlobal
